{
    "_readme": [
        "This file locks the dependencies of your project to a known state",
        "Read more about it at https://getcomposer.org/doc/01-basic-usage.md#composer-lock-the-lock-file",
        "This file is @generated automatically"
    ],
    "hash": "5081c5603a9693f02c535358641668b4",
    "content-hash": "529eaf2668da52bb2fed602cb3537943",
    "packages": [
        {
            "name": "lcobucci/jwt",
            "version": "3.1.0",
            "source": {
                "type": "git",
                "url": "https://github.com/lcobucci/jwt.git",
                "reference": "31499db4e692b343cec7ff345932899f98fde1cf"
            },
            "dist": {
                "type": "zip",
                "url": "https://api.github.com/repos/lcobucci/jwt/zipball/31499db4e692b343cec7ff345932899f98fde1cf",
                "reference": "31499db4e692b343cec7ff345932899f98fde1cf",
                "shasum": ""
            },
            "require": {
                "ext-openssl": "*",
                "php": ">=5.5"
            },
            "require-dev": {
                "mdanter/ecc": "~0.3",
                "mikey179/vfsstream": "~1.5",
                "phpmd/phpmd": "~2.2",
                "phpunit/php-invoker": "~1.1",
                "phpunit/phpunit": "~4.5",
                "squizlabs/php_codesniffer": "~2.3"
            },
            "suggest": {
                "mdanter/ecc": "Required to use Elliptic Curves based algorithms."
            },
            "type": "library",
            "extra": {
                "branch-alias": {
                    "dev-master": "3.1-dev"
                }
            },
            "autoload": {
                "psr-4": {
                    "Lcobucci\\JWT\\": "src"
                }
            },
            "notification-url": "https://packagist.org/downloads/",
            "license": [
                "BSD-3-Clause"
            ],
            "authors": [
                {
                    "name": "Luís Otávio Cobucci Oblonczyk",
                    "email": "lcobucci@gmail.com",
                    "role": "Developer"
                }
            ],
            "description": "A simple library to work with JSON Web Token and JSON Web Signature",
            "keywords": [
                "JWS",
                "jwt"
            ],
            "time": "2015-11-15 01:42:47"
        }
    ],
    "packages-dev": [],
    "aliases": [],
    "minimum-stability": "stable",
    "stability-flags": [],
    "prefer-stable": false,
    "prefer-lowest": false,
    "platform": [],
    "platform-dev": []
}
